
Microsoft Visual Studio Solution File, Format Version 12.00
# Visual Studio Version 17
VisualStudioVersion = 17.3.32929.385
MinimumVisualStudioVersion = 10.0.40219.1
Project("{8BC9CEB8-8B4A-11D0-8D11-00A0C91BC942}") = "1910", "1910\1910.vcxproj", "{78CB09C8-9818-4C2E-B11E-7F1B72AE359A}"
EndProject
Project("{FAE04EC0-301F-11D3-BF4B-00C04F79EFBC}") = "1910CS", "1910CS\1910CS.csproj", "{66891620-0264-4300-A822-24F5ECC42CAB}"
EndProject
Global
	GlobalSection(SolutionConfigurationPlatforms) = preSolution
		Debug|Any CPU = Debug|Any CPU
		Debug|x64 = Debug|x64
		Debug|x86 = Debug|x86
		Release|Any CPU = Release|Any CPU
		Release|x64 = Release|x64
		Release|x86 = Release|x86
	EndGlobalSection
	GlobalSection(ProjectConfigurationPlatforms) = postSolution
		{78CB09C8-9818-4C2E-B11E-7F1B72AE359A}.Debug|Any CPU.ActiveCfg = Debug|x64
		{78CB09C8-9818-4C2E-B11E-7F1B72AE359A}.Debug|Any CPU.Build.0 = Debug|x64
		{78CB09C8-9818-4C2E-B11E-7F1B72AE359A}.Debug|x64.ActiveCfg = Debug|x64
		{78CB09C8-9818-4C2E-B11E-7F1B72AE359A}.Debug|x64.Build.0 = Debug|x64
		{78CB09C8-9818-4C2E-B11E-7F1B72AE359A}.Debug|x86.ActiveCfg = Debug|Win32
		{78CB09C8-9818-4C2E-B11E-7F1B72AE359A}.Debug|x86.Build.0 = Debug|Win32
		{78CB09C8-9818-4C2E-B11E-7F1B72AE359A}.Release|Any CPU.ActiveCfg = Release|x64
		{78CB09C8-9818-4C2E-B11E-7F1B72AE359A}.Release|Any CPU.Build.0 = Release|x64
		{78CB09C8-9818-4C2E-B11E-7F1B72AE359A}.Release|x64.ActiveCfg = Release|x64
		{78CB09C8-9818-4C2E-B11E-7F1B72AE359A}.Release|x64.Build.0 = Release|x64
		{78CB09C8-9818-4C2E-B11E-7F1B72AE359A}.Release|x86.ActiveCfg = Release|Win32
		{78CB09C8-9818-4C2E-B11E-7F1B72AE359A}.Release|x86.Build.0 = Release|Win32
		{66891620-0264-4300-A822-24F5ECC42CAB}.Debug|Any CPU.ActiveCfg = Debug|Any CPU
		{66891620-0264-4300-A822-24F5ECC42CAB}.Debug|Any CPU.Build.0 = Debug|Any CPU
		{66891620-0264-4300-A822-24F5ECC42CAB}.Debug|x64.ActiveCfg = Debug|Any CPU
		{66891620-0264-4300-A822-24F5ECC42CAB}.Debug|x64.Build.0 = Debug|Any CPU
		{66891620-0264-4300-A822-24F5ECC42CAB}.Debug|x86.ActiveCfg = Debug|Any CPU
		{66891620-0264-4300-A822-24F5ECC42CAB}.Debug|x86.Build.0 = Debug|Any CPU
		{66891620-0264-4300-A822-24F5ECC42CAB}.Release|Any CPU.ActiveCfg = Release|Any CPU
		{66891620-0264-4300-A822-24F5ECC42CAB}.Release|Any CPU.Build.0 = Release|Any CPU
		{66891620-0264-4300-A822-24F5ECC42CAB}.Release|x64.ActiveCfg = Release|Any CPU
		{66891620-0264-4300-A822-24F5ECC42CAB}.Release|x64.Build.0 = Release|Any CPU
		{66891620-0264-4300-A822-24F5ECC42CAB}.Release|x86.ActiveCfg = Release|Any CPU
		{66891620-0264-4300-A822-24F5ECC42CAB}.Release|x86.Build.0 = Release|Any CPU
	EndGlobalSection
	GlobalSection(SolutionProperties) = preSolution
		HideSolutionNode = FALSE
	EndGlobalSection
	GlobalSection(ExtensibilityGlobals) = postSolution
		SolutionGuid = {860D50B1-F108-4E25-8C19-64D3DC02D998}
	EndGlobalSection
EndGlobal
