
Microsoft Visual Studio Solution File, Format Version 12.00
# Visual Studio Version 17
VisualStudioVersion = 17.3.32929.385
MinimumVisualStudioVersion = 10.0.40219.1
Project("{FAE04EC0-301F-11D3-BF4B-00C04F79EFBC}") = "1228", "1228\1228.csproj", "{A3DAA817-C8E6-4A3D-9BD3-15FDD1B3D2F8}"
EndProject
Project("{8BC9CEB8-8B4A-11D0-8D11-00A0C91BC942}") = "1228CPP", "1228CPP\1228CPP.vcxproj", "{975DE560-A67C-4B80-8422-1416343A15A6}"
EndProject
Global
	GlobalSection(SolutionConfigurationPlatforms) = preSolution
		Debug|Any CPU = Debug|Any CPU
		Debug|x64 = Debug|x64
		Debug|x86 = Debug|x86
		Release|Any CPU = Release|Any CPU
		Release|x64 = Release|x64
		Release|x86 = Release|x86
	EndGlobalSection
	GlobalSection(ProjectConfigurationPlatforms) = postSolution
		{A3DAA817-C8E6-4A3D-9BD3-15FDD1B3D2F8}.Debug|Any CPU.ActiveCfg = Debug|Any CPU
		{A3DAA817-C8E6-4A3D-9BD3-15FDD1B3D2F8}.Debug|Any CPU.Build.0 = Debug|Any CPU
		{A3DAA817-C8E6-4A3D-9BD3-15FDD1B3D2F8}.Debug|x64.ActiveCfg = Debug|Any CPU
		{A3DAA817-C8E6-4A3D-9BD3-15FDD1B3D2F8}.Debug|x64.Build.0 = Debug|Any CPU
		{A3DAA817-C8E6-4A3D-9BD3-15FDD1B3D2F8}.Debug|x86.ActiveCfg = Debug|Any CPU
		{A3DAA817-C8E6-4A3D-9BD3-15FDD1B3D2F8}.Debug|x86.Build.0 = Debug|Any CPU
		{A3DAA817-C8E6-4A3D-9BD3-15FDD1B3D2F8}.Release|Any CPU.ActiveCfg = Release|Any CPU
		{A3DAA817-C8E6-4A3D-9BD3-15FDD1B3D2F8}.Release|Any CPU.Build.0 = Release|Any CPU
		{A3DAA817-C8E6-4A3D-9BD3-15FDD1B3D2F8}.Release|x64.ActiveCfg = Release|Any CPU
		{A3DAA817-C8E6-4A3D-9BD3-15FDD1B3D2F8}.Release|x64.Build.0 = Release|Any CPU
		{A3DAA817-C8E6-4A3D-9BD3-15FDD1B3D2F8}.Release|x86.ActiveCfg = Release|Any CPU
		{A3DAA817-C8E6-4A3D-9BD3-15FDD1B3D2F8}.Release|x86.Build.0 = Release|Any CPU
		{975DE560-A67C-4B80-8422-1416343A15A6}.Debug|Any CPU.ActiveCfg = Debug|x64
		{975DE560-A67C-4B80-8422-1416343A15A6}.Debug|Any CPU.Build.0 = Debug|x64
		{975DE560-A67C-4B80-8422-1416343A15A6}.Debug|x64.ActiveCfg = Debug|x64
		{975DE560-A67C-4B80-8422-1416343A15A6}.Debug|x64.Build.0 = Debug|x64
		{975DE560-A67C-4B80-8422-1416343A15A6}.Debug|x86.ActiveCfg = Debug|Win32
		{975DE560-A67C-4B80-8422-1416343A15A6}.Debug|x86.Build.0 = Debug|Win32
		{975DE560-A67C-4B80-8422-1416343A15A6}.Release|Any CPU.ActiveCfg = Release|x64
		{975DE560-A67C-4B80-8422-1416343A15A6}.Release|Any CPU.Build.0 = Release|x64
		{975DE560-A67C-4B80-8422-1416343A15A6}.Release|x64.ActiveCfg = Release|x64
		{975DE560-A67C-4B80-8422-1416343A15A6}.Release|x64.Build.0 = Release|x64
		{975DE560-A67C-4B80-8422-1416343A15A6}.Release|x86.ActiveCfg = Release|Win32
		{975DE560-A67C-4B80-8422-1416343A15A6}.Release|x86.Build.0 = Release|Win32
	EndGlobalSection
	GlobalSection(SolutionProperties) = preSolution
		HideSolutionNode = FALSE
	EndGlobalSection
	GlobalSection(ExtensibilityGlobals) = postSolution
		SolutionGuid = {802B33D2-11BA-4F12-A6BD-CD096D930081}
	EndGlobalSection
EndGlobal
